// !$*UTF8*$!
{
	archiveVersion = 1;
	classes = {
	};
	objectVersion = 46;
	objects = {

/* Begin PBXBuildFile section */
		E33408191B0C2EA30098175D /* main.m in Sources */ = {isa = PBXBuildFile; fileRef = E33408181B0C2EA30098175D /* main.m */; };
		E334081C1B0C2EA30098175D /* AppDelegate.m in Sources */ = {isa = PBXBuildFile; fileRef = E334081B1B0C2EA30098175D /* AppDelegate.m */; };
		E334081F1B0C2EA30098175D /* ViewController.m in Sources */ = {isa = PBXBuildFile; fileRef = E334081E1B0C2EA30098175D /* ViewController.m */; };
		E33408241B0C2EA30098175D /* Images.xcassets in Resources */ = {isa = PBXBuildFile; fileRef = E33408231B0C2EA30098175D /* Images.xcassets */; };
		E33408271B0C2EA30098175D /* LaunchScreen.xib in Resources */ = {isa = PBXBuildFile; fileRef = E33408251B0C2EA30098175D /* LaunchScreen.xib */; };
		E33408331B0C2EA30098175D /* multiViewTests.m in Sources */ = {isa = PBXBuildFile; fileRef = E33408321B0C2EA30098175D /* multiViewTests.m */; };
		E334083E1B0C34FB0098175D /* NavViewController.m in Sources */ = {isa = PBXBuildFile; fileRef = E334083D1B0C34FB0098175D /* NavViewController.m */; };
		E33408411B0C351F0098175D /* LeftViewController.m in Sources */ = {isa = PBXBuildFile; fileRef = E33408401B0C351F0098175D /* LeftViewController.m */; };
		E33408441B0C352C0098175D /* RightViewController.m in Sources */ = {isa = PBXBuildFile; fileRef = E33408431B0C352C0098175D /* RightViewController.m */; };
		E33408471B0C54280098175D /* CenterViewController.m in Sources */ = {isa = PBXBuildFile; fileRef = E33408461B0C54280098175D /* CenterViewController.m */; };
		E334084A1B0C55790098175D /* HomeNavViewController.m in Sources */ = {isa = PBXBuildFile; fileRef = E33408491B0C55790098175D /* HomeNavViewController.m */; };
/* End PBXBuildFile section */

/* Begin PBXContainerItemProxy section */
		E334082D1B0C2EA30098175D /* PBXContainerItemProxy */ = {
			isa = PBXContainerItemProxy;
			containerPortal = E334080B1B0C2EA30098175D /* Project object */;
			proxyType = 1;
			remoteGlobalIDString = E33408121B0C2EA30098175D;
			remoteInfo = multiView;
		};
/* End PBXContainerItemProxy section */

/* Begin PBXFileReference section */
		E33408131B0C2EA30098175D /* multiView.app */ = {isa = PBXFileReference; explicitFileType = wrapper.application; includeInIndex = 0; path = multiView.app; sourceTree = BUILT_PRODUCTS_DIR; };
		E33408171B0C2EA30098175D /* Info.plist */ = {isa = PBXFileReference; lastKnownFileType = text.plist.xml; path = Info.plist; sourceTree = "<group>"; };
		E33408181B0C2EA30098175D /* main.m */ = {isa = PBXFileReference; lastKnownFileType = sourcecode.c.objc; path = main.m; sourceTree = "<group>"; };
		E334081A1B0C2EA30098175D /* AppDelegate.h */ = {isa = PBXFileReference; lastKnownFileType = sourcecode.c.h; path = AppDelegate.h; sourceTree = "<group>"; };
		E334081B1B0C2EA30098175D /* AppDelegate.m */ = {isa = PBXFileReference; lastKnownFileType = sourcecode.c.objc; path = AppDelegate.m; sourceTree = "<group>"; };
		E334081D1B0C2EA30098175D /* ViewController.h */ = {isa = PBXFileReference; lastKnownFileType = sourcecode.c.h; path = ViewController.h; sourceTree = "<group>"; };
		E334081E1B0C2EA30098175D /* ViewController.m */ = {isa = PBXFileReference; lastKnownFileType = sourcecode.c.objc; path = ViewController.m; sourceTree = "<group>"; };
		E33408231B0C2EA30098175D /* Images.xcassets */ = {isa = PBXFileReference; lastKnownFileType = folder.assetcatalog; path = Images.xcassets; sourceTree = "<group>"; };
		E33408261B0C2EA30098175D /* Base */ = {isa = PBXFileReference; lastKnownFileType = file.xib; name = Base; path = Base.lproj/LaunchScreen.xib; sourceTree = "<group>"; };
		E334082C1B0C2EA30098175D /* multiViewTests.xctest */ = {isa = PBXFileReference; explicitFileType = wrapper.cfbundle; includeInIndex = 0; path = multiViewTests.xctest; sourceTree = BUILT_PRODUCTS_DIR; };
		E33408311B0C2EA30098175D /* Info.plist */ = {isa = PBXFileReference; lastKnownFileType = text.plist.xml; path = Info.plist; sourceTree = "<group>"; };
		E33408321B0C2EA30098175D /* multiViewTests.m */ = {isa = PBXFileReference; lastKnownFileType = sourcecode.c.objc; path = multiViewTests.m; sourceTree = "<group>"; };
		E334083C1B0C34FB0098175D /* NavViewController.h */ = {isa = PBXFileReference; fileEncoding = 4; lastKnownFileType = sourcecode.c.h; path = NavViewController.h; sourceTree = "<group>"; };
		E334083D1B0C34FB0098175D /* NavViewController.m */ = {isa = PBXFileReference; fileEncoding = 4; lastKnownFileType = sourcecode.c.objc; path = NavViewController.m; sourceTree = "<group>"; };
		E334083F1B0C351F0098175D /* LeftViewController.h */ = {isa = PBXFileReference; fileEncoding = 4; lastKnownFileType = sourcecode.c.h; path = LeftViewController.h; sourceTree = "<group>"; };
		E33408401B0C351F0098175D /* LeftViewController.m */ = {isa = PBXFileReference; fileEncoding = 4; lastKnownFileType = sourcecode.c.objc; path = LeftViewController.m; sourceTree = "<group>"; };
		E33408421B0C352C0098175D /* RightViewController.h */ = {isa = PBXFileReference; fileEncoding = 4; lastKnownFileType = sourcecode.c.h; path = RightViewController.h; sourceTree = "<group>"; };
		E33408431B0C352C0098175D /* RightViewController.m */ = {isa = PBXFileReference; fileEncoding = 4; lastKnownFileType = sourcecode.c.objc; path = RightViewController.m; sourceTree = "<group>"; };
		E33408451B0C54280098175D /* CenterViewController.h */ = {isa = PBXFileReference; fileEncoding = 4; lastKnownFileType = sourcecode.c.h; path = CenterViewController.h; sourceTree = "<group>"; };
		E33408461B0C54280098175D /* CenterViewController.m */ = {isa = PBXFileReference; fileEncoding = 4; lastKnownFileType = sourcecode.c.objc; path = CenterViewController.m; sourceTree = "<group>"; };
		E33408481B0C55790098175D /* HomeNavViewController.h */ = {isa = PBXFileReference; fileEncoding = 4; lastKnownFileType = sourcecode.c.h; path = HomeNavViewController.h; sourceTree = "<group>"; };
		E33408491B0C55790098175D /* HomeNavViewController.m */ = {isa = PBXFileReference; fileEncoding = 4; lastKnownFileType = sourcecode.c.objc; path = HomeNavViewController.m; sourceTree = "<group>"; };
/* End PBXFileReference section */

/* Begin PBXFrameworksBuildPhase section */
		E33408101B0C2EA30098175D /* Frameworks */ = {
			isa = PBXFrameworksBuildPhase;
			buildActionMask = 2147483647;
			files = (
			);
			runOnlyForDeploymentPostprocessing = 0;
		};
		E33408291B0C2EA30098175D /* Frameworks */ = {
			isa = PBXFrameworksBuildPhase;
			buildActionMask = 2147483647;
			files = (
			);
			runOnlyForDeploymentPostprocessing = 0;
		};
/* End PBXFrameworksBuildPhase section */

/* Begin PBXGroup section */
		E334080A1B0C2EA30098175D = {
			isa = PBXGroup;
			children = (
				E33408151B0C2EA30098175D /* multiView */,
				E334082F1B0C2EA30098175D /* multiViewTests */,
				E33408141B0C2EA30098175D /* Products */,
			);
			sourceTree = "<group>";
		};
		E33408141B0C2EA30098175D /* Products */ = {
			isa = PBXGroup;
			children = (
				E33408131B0C2EA30098175D /* multiView.app */,
				E334082C1B0C2EA30098175D /* multiViewTests.xctest */,
			);
			name = Products;
			sourceTree = "<group>";
		};
		E33408151B0C2EA30098175D /* multiView */ = {
			isa = PBXGroup;
			children = (
				E334081A1B0C2EA30098175D /* AppDelegate.h */,
				E334081B1B0C2EA30098175D /* AppDelegate.m */,
				E334083C1B0C34FB0098175D /* NavViewController.h */,
				E334083D1B0C34FB0098175D /* NavViewController.m */,
				E334081D1B0C2EA30098175D /* ViewController.h */,
				E334081E1B0C2EA30098175D /* ViewController.m */,
				E334083F1B0C351F0098175D /* LeftViewController.h */,
				E33408401B0C351F0098175D /* LeftViewController.m */,
				E33408421B0C352C0098175D /* RightViewController.h */,
				E33408431B0C352C0098175D /* RightViewController.m */,
				E33408481B0C55790098175D /* HomeNavViewController.h */,
				E33408491B0C55790098175D /* HomeNavViewController.m */,
				E33408451B0C54280098175D /* CenterViewController.h */,
				E33408461B0C54280098175D /* CenterViewController.m */,
				E33408231B0C2EA30098175D /* Images.xcassets */,
				E33408251B0C2EA30098175D /* LaunchScreen.xib */,
				E33408161B0C2EA30098175D /* Supporting Files */,
			);
			path = multiView;
			sourceTree = "<group>";
		};
		E33408161B0C2EA30098175D /* Supporting Files */ = {
			isa = PBXGroup;
			children = (
				E33408171B0C2EA30098175D /* Info.plist */,
				E33408181B0C2EA30098175D /* main.m */,
			);
			name = "Supporting Files";
			sourceTree = "<group>";
		};
		E334082F1B0C2EA30098175D /* multiViewTests */ = {
			isa = PBXGroup;
			children = (
				E33408321B0C2EA30098175D /* multiViewTests.m */,
				E33408301B0C2EA30098175D /* Supporting Files */,
			);
			path = multiViewTests;
			sourceTree = "<group>";
		};
		E33408301B0C2EA30098175D /* Supporting Files */ = {
			isa = PBXGroup;
			children = (
				E33408311B0C2EA30098175D /* Info.plist */,
			);
			name = "Supporting Files";
			sourceTree = "<group>";
		};
/* End PBXGroup section */

/* Begin PBXNativeTarget section */
		E33408121B0C2EA30098175D /* multiView */ = {
			isa = PBXNativeTarget;
			buildConfigurationList = E33408361B0C2EA30098175D /* Build configuration list for PBXNativeTarget "multiView" */;
			buildPhases = (
				E334080F1B0C2EA30098175D /* Sources */,
				E33408101B0C2EA30098175D /* Frameworks */,
				E33408111B0C2EA30098175D /* Resources */,
			);
			buildRules = (
			);
			dependencies = (
			);
			name = multiView;
			productName = multiView;
			productReference = E33408131B0C2EA30098175D /* multiView.app */;
			productType = "com.apple.product-type.application";
		};
		E334082B1B0C2EA30098175D /* multiViewTests */ = {
			isa = PBXNativeTarget;
			buildConfigurationList = E33408391B0C2EA30098175D /* Build configuration list for PBXNativeTarget "multiViewTests" */;
			buildPhases = (
				E33408281B0C2EA30098175D /* Sources */,
				E33408291B0C2EA30098175D /* Frameworks */,
				E334082A1B0C2EA30098175D /* Resources */,
			);
			buildRules = (
			);
			dependencies = (
				E334082E1B0C2EA30098175D /* PBXTargetDependency */,
			);
			name = multiViewTests;
			productName = multiViewTests;
			productReference = E334082C1B0C2EA30098175D /* multiViewTests.xctest */;
			productType = "com.apple.product-type.bundle.unit-test";
		};
/* End PBXNativeTarget section */

/* Begin PBXProject section */
		E334080B1B0C2EA30098175D /* Project object */ = {
			isa = PBXProject;
			attributes = {
				LastUpgradeCheck = 0630;
				ORGANIZATIONNAME = GuoXinHuiJin;
				TargetAttributes = {
					E33408121B0C2EA30098175D = {
						CreatedOnToolsVersion = 6.3;
					};
					E334082B1B0C2EA30098175D = {
						CreatedOnToolsVersion = 6.3;
						TestTargetID = E33408121B0C2EA30098175D;
					};
				};
			};
			buildConfigurationList = E334080E1B0C2EA30098175D /* Build configuration list for PBXProject "multiView" */;
			compatibilityVersion = "Xcode 3.2";
			developmentRegion = English;
			hasScannedForEncodings = 0;
			knownRegions = (
				en,
				Base,
			);
			mainGroup = E334080A1B0C2EA30098175D;
			productRefGroup = E33408141B0C2EA30098175D /* Products */;
			projectDirPath = "";
			projectRoot = "";
			targets = (
				E33408121B0C2EA30098175D /* multiView */,
				E334082B1B0C2EA30098175D /* multiViewTests */,
			);
		};
/* End PBXProject section */

/* Begin PBXResourcesBuildPhase section */
		E33408111B0C2EA30098175D /* Resources */ = {
			isa = PBXResourcesBuildPhase;
			buildActionMask = 2147483647;
			files = (
				E33408271B0C2EA30098175D /* LaunchScreen.xib in Resources */,
				E33408241B0C2EA30098175D /* Images.xcassets in Resources */,
			);
			runOnlyForDeploymentPostprocessing = 0;
		};
		E334082A1B0C2EA30098175D /* Resources */ = {
			isa = PBXResourcesBuildPhase;
			buildActionMask = 2147483647;
			files = (
			);
			runOnlyForDeploymentPostprocessing = 0;
		};
/* End PBXResourcesBuildPhase section */

/* Begin PBXSourcesBuildPhase section */
		E334080F1B0C2EA30098175D /* Sources */ = {
			isa = PBXSourcesBuildPhase;
			buildActionMask = 2147483647;
			files = (
				E334081F1B0C2EA30098175D /* ViewController.m in Sources */,
				E33408411B0C351F0098175D /* LeftViewController.m in Sources */,
				E334081C1B0C2EA30098175D /* AppDelegate.m in Sources */,
				E334083E1B0C34FB0098175D /* NavViewController.m in Sources */,
				E33408191B0C2EA30098175D /* main.m in Sources */,
				E33408441B0C352C0098175D /* RightViewController.m in Sources */,
				E33408471B0C54280098175D /* CenterViewController.m in Sources */,
				E334084A1B0C55790098175D /* HomeNavViewController.m in Sources */,
			);
			runOnlyForDeploymentPostprocessing = 0;
		};
		E33408281B0C2EA30098175D /* Sources */ = {
			isa = PBXSourcesBuildPhase;
			buildActionMask = 2147483647;
			files = (
				E33408331B0C2EA30098175D /* multiViewTests.m in Sources */,
			);
			runOnlyForDeploymentPostprocessing = 0;
		};
/* End PBXSourcesBuildPhase section */

/* Begin PBXTargetDependency section */
		E334082E1B0C2EA30098175D /* PBXTargetDependency */ = {
			isa = PBXTargetDependency;
			target = E33408121B0C2EA30098175D /* multiView */;
			targetProxy = E334082D1B0C2EA30098175D /* PBXContainerItemProxy */;
		};
/* End PBXTargetDependency section */

/* Begin PBXVariantGroup section */
		E33408251B0C2EA30098175D /* LaunchScreen.xib */ = {
			isa = PBXVariantGroup;
			children = (
				E33408261B0C2EA30098175D /* Base */,
			);
			name = LaunchScreen.xib;
			sourceTree = "<group>";
		};
/* End PBXVariantGroup section */

/* Begin XCBuildConfiguration section */
		E33408341B0C2EA30098175D /* Debug */ = {
			isa = XCBuildConfiguration;
			buildSettings = {
				ALWAYS_SEARCH_USER_PATHS = NO;
				CLANG_CXX_LANGUAGE_STANDARD = "gnu++0x";
				CLANG_CXX_LIBRARY = "libc++";
				CLANG_ENABLE_MODULES = YES;
				CLANG_ENABLE_OBJC_ARC = YES;
				CLANG_WARN_BOOL_CONVERSION = YES;
				CLANG_WARN_CONSTANT_CONVERSION = YES;
				CLANG_WARN_DIRECT_OBJC_ISA_USAGE = YES_ERROR;
				CLANG_WARN_EMPTY_BODY = YES;
				CLANG_WARN_ENUM_CONVERSION = YES;
				CLANG_WARN_INT_CONVERSION = YES;
				CLANG_WARN_OBJC_ROOT_CLASS = YES_ERROR;
				CLANG_WARN_UNREACHABLE_CODE = YES;
				CLANG_WARN__DUPLICATE_METHOD_MATCH = YES;
				"CODE_SIGN_IDENTITY[sdk=iphoneos*]" = "iPhone Developer";
				COPY_PHASE_STRIP = NO;
				DEBUG_INFORMATION_FORMAT = "dwarf-with-dsym";
				ENABLE_STRICT_OBJC_MSGSEND = YES;
				GCC_C_LANGUAGE_STANDARD = gnu99;
				GCC_DYNAMIC_NO_PIC = NO;
				GCC_NO_COMMON_BLOCKS = YES;
				GCC_OPTIMIZATION_LEVEL = 0;
				GCC_PREPROCESSOR_DEFINITIONS = (
					"DEBUG=1",
					"$(inherited)",
				);
				GCC_SYMBOLS_PRIVATE_EXTERN = NO;
				GCC_WARN_64_TO_32_BIT_CONVERSION = YES;
				GCC_WARN_ABOUT_RETURN_TYPE = YES_ERROR;
				GCC_WARN_UNDECLARED_SELECTOR = YES;
				GCC_WARN_UNINITIALIZED_AUTOS = YES_AGGRESSIVE;
				GCC_WARN_UNUSED_FUNCTION = YES;
				GCC_WARN_UNUSED_VARIABLE = YES;
				IPHONEOS_DEPLOYMENT_TARGET = 6.0;
				MTL_ENABLE_DEBUG_INFO = YES;
				ONLY_ACTIVE_ARCH = YES;
				SDKROOT = iphoneos;
				TARGETED_DEVICE_FAMILY = "1,2";
			};
			name = Debug;
		};
		E33408351B0C2EA30098175D /* Release */ = {
			isa = XCBuildConfiguration;
			buildSettings = {
				ALWAYS_SEARCH_USER_PATHS = NO;
				CLANG_CXX_LANGUAGE_STANDARD = "gnu++0x";
				CLANG_CXX_LIBRARY = "libc++";
				CLANG_ENABLE_MODULES = YES;
				CLANG_ENABLE_OBJC_ARC = YES;
				CLANG_WARN_BOOL_CONVERSION = YES;
				CLANG_WARN_CONSTANT_CONVERSION = YES;
				CLANG_WARN_DIRECT_OBJC_ISA_USAGE = YES_ERROR;
				CLANG_WARN_EMPTY_BODY = YES;
				CLANG_WARN_ENUM_CONVERSION = YES;
				CLANG_WARN_INT_CONVERSION = YES;
				CLANG_WARN_OBJC_ROOT_CLASS = YES_ERROR;
				CLANG_WARN_UNREACHABLE_CODE = YES;
				CLANG_WARN__DUPLICATE_METHOD_MATCH = YES;
				"CODE_SIGN_IDENTITY[sdk=iphoneos*]" = "iPhone Developer";
				COPY_PHASE_STRIP = NO;
				DEBUG_INFORMATION_FORMAT = "dwarf-with-dsym";
				ENABLE_NS_ASSERTIONS = NO;
				ENABLE_STRICT_OBJC_MSGSEND = YES;
				GCC_C_LANGUAGE_STANDARD = gnu99;
				GCC_NO_COMMON_BLOCKS = YES;
				GCC_WARN_64_TO_32_BIT_CONVERSION = YES;
				GCC_WARN_ABOUT_RETURN_TYPE = YES_ERROR;
				GCC_WARN_UNDECLARED_SELECTOR = YES;
				GCC_WARN_UNINITIALIZED_AUTOS = YES_AGGRESSIVE;
				GCC_WARN_UNUSED_FUNCTION = YES;
				GCC_WARN_UNUSED_VARIABLE = YES;
				IPHONEOS_DEPLOYMENT_TARGET = 6.0;
				MTL_ENABLE_DEBUG_INFO = NO;
				SDKROOT = iphoneos;
				TARGETED_DEVICE_FAMILY = "1,2";
				VALIDATE_PRODUCT = YES;
			};
			name = Release;
		};
		E33408371B0C2EA30098175D /* Debug */ = {
			isa = XCBuildConfiguration;
			buildSettings = {
				ASSETCATALOG_COMPILER_APPICON_NAME = AppIcon;
				INFOPLIST_FILE = multiView/Info.plist;
				IPHONEOS_DEPLOYMENT_TARGET = 6.0;
				LD_RUNPATH_SEARCH_PATHS = "$(inherited) @executable_path/Frameworks";
				PRODUCT_NAME = "$(TARGET_NAME)";
			};
			name = Debug;
		};
		E33408381B0C2EA30098175D /* Release */ = {
			isa = XCBuildConfiguration;
			buildSettings = {
				ASSETCATALOG_COMPILER_APPICON_NAME = AppIcon;
				INFOPLIST_FILE = multiView/Info.plist;
				IPHONEOS_DEPLOYMENT_TARGET = 6.0;
				LD_RUNPATH_SEARCH_PATHS = "$(inherited) @executable_path/Frameworks";
				PRODUCT_NAME = "$(TARGET_NAME)";
			};
			name = Release;
		};
		E334083A1B0C2EA30098175D /* Debug */ = {
			isa = XCBuildConfiguration;
			buildSettings = {
				BUNDLE_LOADER = "$(TEST_HOST)";
				FRAMEWORK_SEARCH_PATHS = (
					"$(SDKROOT)/Developer/Library/Frameworks",
					"$(inherited)",
				);
				GCC_PREPROCESSOR_DEFINITIONS = (
					"DEBUG=1",
					"$(inherited)",
				);
				INFOPLIST_FILE = multiViewTests/Info.plist;
				LD_RUNPATH_SEARCH_PATHS = "$(inherited) @executable_path/Frameworks @loader_path/Frameworks";
				PRODUCT_NAME = "$(TARGET_NAME)";
				TEST_HOST = "$(BUILT_PRODUCTS_DIR)/multiView.app/multiView";
			};
			name = Debug;
		};
		E334083B1B0C2EA30098175D /* Release */ = {
			isa = XCBuildConfiguration;
			buildSettings = {
				BUNDLE_LOADER = "$(TEST_HOST)";
				FRAMEWORK_SEARCH_PATHS = (
					"$(SDKROOT)/Developer/Library/Frameworks",
					"$(inherited)",
				);
				INFOPLIST_FILE = multiViewTests/Info.plist;
				LD_RUNPATH_SEARCH_PATHS = "$(inherited) @executable_path/Frameworks @loader_path/Frameworks";
				PRODUCT_NAME = "$(TARGET_NAME)";
				TEST_HOST = "$(BUILT_PRODUCTS_DIR)/multiView.app/multiView";
			};
			name = Release;
		};
/* End XCBuildConfiguration section */

/* Begin XCConfigurationList section */
		E334080E1B0C2EA30098175D /* Build configuration list for PBXProject "multiView" */ = {
			isa = XCConfigurationList;
			buildConfigurations = (
				E33408341B0C2EA30098175D /* Debug */,
				E33408351B0C2EA30098175D /* Release */,
			);
			defaultConfigurationIsVisible = 0;
			defaultConfigurationName = Release;
		};
		E33408361B0C2EA30098175D /* Build configuration list for PBXNativeTarget "multiView" */ = {
			isa = XCConfigurationList;
			buildConfigurations = (
				E33408371B0C2EA30098175D /* Debug */,
				E33408381B0C2EA30098175D /* Release */,
			);
			defaultConfigurationIsVisible = 0;
		};
		E33408391B0C2EA30098175D /* Build configuration list for PBXNativeTarget "multiViewTests" */ = {
			isa = XCConfigurationList;
			buildConfigurations = (
				E334083A1B0C2EA30098175D /* Debug */,
				E334083B1B0C2EA30098175D /* Release */,
			);
			defaultConfigurationIsVisible = 0;
		};
/* End XCConfigurationList section */
	};
	rootObject = E334080B1B0C2EA30098175D /* Project object */;
}
