// !$*UTF8*$!
{
	archiveVersion = 1;
	classes = {
	};
	objectVersion = 46;
	objects = {

/* Begin PBXBuildFile section */
		ED372C861A19DED400FC0D0D /* main.m in Sources */ = {isa = PBXBuildFile; fileRef = ED372C851A19DED400FC0D0D /* main.m */; };
		ED372C891A19DED400FC0D0D /* AppDelegate.m in Sources */ = {isa = PBXBuildFile; fileRef = ED372C881A19DED400FC0D0D /* AppDelegate.m */; };
		ED372C8C1A19DED400FC0D0D /* ViewController.m in Sources */ = {isa = PBXBuildFile; fileRef = ED372C8B1A19DED400FC0D0D /* ViewController.m */; };
		ED372C8F1A19DED400FC0D0D /* Main.storyboard in Resources */ = {isa = PBXBuildFile; fileRef = ED372C8D1A19DED400FC0D0D /* Main.storyboard */; };
		ED372C911A19DED400FC0D0D /* Images.xcassets in Resources */ = {isa = PBXBuildFile; fileRef = ED372C901A19DED400FC0D0D /* Images.xcassets */; };
		ED372C941A19DED400FC0D0D /* LaunchScreen.xib in Resources */ = {isa = PBXBuildFile; fileRef = ED372C921A19DED400FC0D0D /* LaunchScreen.xib */; };
		ED372CA01A19DED400FC0D0D /* transformTests.m in Sources */ = {isa = PBXBuildFile; fileRef = ED372C9F1A19DED400FC0D0D /* transformTests.m */; };
/* End PBXBuildFile section */

/* Begin PBXContainerItemProxy section */
		ED372C9A1A19DED400FC0D0D /* PBXContainerItemProxy */ = {
			isa = PBXContainerItemProxy;
			containerPortal = ED372C781A19DED400FC0D0D /* Project object */;
			proxyType = 1;
			remoteGlobalIDString = ED372C7F1A19DED400FC0D0D;
			remoteInfo = transform;
		};
/* End PBXContainerItemProxy section */

/* Begin PBXFileReference section */
		ED372C801A19DED400FC0D0D /* transform.app */ = {isa = PBXFileReference; explicitFileType = wrapper.application; includeInIndex = 0; path = transform.app; sourceTree = BUILT_PRODUCTS_DIR; };
		ED372C841A19DED400FC0D0D /* Info.plist */ = {isa = PBXFileReference; lastKnownFileType = text.plist.xml; path = Info.plist; sourceTree = "<group>"; };
		ED372C851A19DED400FC0D0D /* main.m */ = {isa = PBXFileReference; lastKnownFileType = sourcecode.c.objc; path = main.m; sourceTree = "<group>"; };
		ED372C871A19DED400FC0D0D /* AppDelegate.h */ = {isa = PBXFileReference; lastKnownFileType = sourcecode.c.h; path = AppDelegate.h; sourceTree = "<group>"; };
		ED372C881A19DED400FC0D0D /* AppDelegate.m */ = {isa = PBXFileReference; lastKnownFileType = sourcecode.c.objc; path = AppDelegate.m; sourceTree = "<group>"; };
		ED372C8A1A19DED400FC0D0D /* ViewController.h */ = {isa = PBXFileReference; lastKnownFileType = sourcecode.c.h; path = ViewController.h; sourceTree = "<group>"; };
		ED372C8B1A19DED400FC0D0D /* ViewController.m */ = {isa = PBXFileReference; lastKnownFileType = sourcecode.c.objc; path = ViewController.m; sourceTree = "<group>"; };
		ED372C8E1A19DED400FC0D0D /* Base */ = {isa = PBXFileReference; lastKnownFileType = file.storyboard; name = Base; path = Base.lproj/Main.storyboard; sourceTree = "<group>"; };
		ED372C901A19DED400FC0D0D /* Images.xcassets */ = {isa = PBXFileReference; lastKnownFileType = folder.assetcatalog; path = Images.xcassets; sourceTree = "<group>"; };
		ED372C931A19DED400FC0D0D /* Base */ = {isa = PBXFileReference; lastKnownFileType = file.xib; name = Base; path = Base.lproj/LaunchScreen.xib; sourceTree = "<group>"; };
		ED372C991A19DED400FC0D0D /* transformTests.xctest */ = {isa = PBXFileReference; explicitFileType = wrapper.cfbundle; includeInIndex = 0; path = transformTests.xctest; sourceTree = BUILT_PRODUCTS_DIR; };
		ED372C9E1A19DED400FC0D0D /* Info.plist */ = {isa = PBXFileReference; lastKnownFileType = text.plist.xml; path = Info.plist; sourceTree = "<group>"; };
		ED372C9F1A19DED400FC0D0D /* transformTests.m */ = {isa = PBXFileReference; lastKnownFileType = sourcecode.c.objc; path = transformTests.m; sourceTree = "<group>"; };
/* End PBXFileReference section */

/* Begin PBXFrameworksBuildPhase section */
		ED372C7D1A19DED400FC0D0D /* Frameworks */ = {
			isa = PBXFrameworksBuildPhase;
			buildActionMask = 2147483647;
			files = (
			);
			runOnlyForDeploymentPostprocessing = 0;
		};
		ED372C961A19DED400FC0D0D /* Frameworks */ = {
			isa = PBXFrameworksBuildPhase;
			buildActionMask = 2147483647;
			files = (
			);
			runOnlyForDeploymentPostprocessing = 0;
		};
/* End PBXFrameworksBuildPhase section */

/* Begin PBXGroup section */
		ED372C771A19DED400FC0D0D = {
			isa = PBXGroup;
			children = (
				ED372C821A19DED400FC0D0D /* transform */,
				ED372C9C1A19DED400FC0D0D /* transformTests */,
				ED372C811A19DED400FC0D0D /* Products */,
			);
			sourceTree = "<group>";
		};
		ED372C811A19DED400FC0D0D /* Products */ = {
			isa = PBXGroup;
			children = (
				ED372C801A19DED400FC0D0D /* transform.app */,
				ED372C991A19DED400FC0D0D /* transformTests.xctest */,
			);
			name = Products;
			sourceTree = "<group>";
		};
		ED372C821A19DED400FC0D0D /* transform */ = {
			isa = PBXGroup;
			children = (
				ED372C871A19DED400FC0D0D /* AppDelegate.h */,
				ED372C881A19DED400FC0D0D /* AppDelegate.m */,
				ED372C8A1A19DED400FC0D0D /* ViewController.h */,
				ED372C8B1A19DED400FC0D0D /* ViewController.m */,
				ED372C8D1A19DED400FC0D0D /* Main.storyboard */,
				ED372C901A19DED400FC0D0D /* Images.xcassets */,
				ED372C921A19DED400FC0D0D /* LaunchScreen.xib */,
				ED372C831A19DED400FC0D0D /* Supporting Files */,
			);
			path = transform;
			sourceTree = "<group>";
		};
		ED372C831A19DED400FC0D0D /* Supporting Files */ = {
			isa = PBXGroup;
			children = (
				ED372C841A19DED400FC0D0D /* Info.plist */,
				ED372C851A19DED400FC0D0D /* main.m */,
			);
			name = "Supporting Files";
			sourceTree = "<group>";
		};
		ED372C9C1A19DED400FC0D0D /* transformTests */ = {
			isa = PBXGroup;
			children = (
				ED372C9F1A19DED400FC0D0D /* transformTests.m */,
				ED372C9D1A19DED400FC0D0D /* Supporting Files */,
			);
			path = transformTests;
			sourceTree = "<group>";
		};
		ED372C9D1A19DED400FC0D0D /* Supporting Files */ = {
			isa = PBXGroup;
			children = (
				ED372C9E1A19DED400FC0D0D /* Info.plist */,
			);
			name = "Supporting Files";
			sourceTree = "<group>";
		};
/* End PBXGroup section */

/* Begin PBXNativeTarget section */
		ED372C7F1A19DED400FC0D0D /* transform */ = {
			isa = PBXNativeTarget;
			buildConfigurationList = ED372CA31A19DED400FC0D0D /* Build configuration list for PBXNativeTarget "transform" */;
			buildPhases = (
				ED372C7C1A19DED400FC0D0D /* Sources */,
				ED372C7D1A19DED400FC0D0D /* Frameworks */,
				ED372C7E1A19DED400FC0D0D /* Resources */,
			);
			buildRules = (
			);
			dependencies = (
			);
			name = transform;
			productName = transform;
			productReference = ED372C801A19DED400FC0D0D /* transform.app */;
			productType = "com.apple.product-type.application";
		};
		ED372C981A19DED400FC0D0D /* transformTests */ = {
			isa = PBXNativeTarget;
			buildConfigurationList = ED372CA61A19DED400FC0D0D /* Build configuration list for PBXNativeTarget "transformTests" */;
			buildPhases = (
				ED372C951A19DED400FC0D0D /* Sources */,
				ED372C961A19DED400FC0D0D /* Frameworks */,
				ED372C971A19DED400FC0D0D /* Resources */,
			);
			buildRules = (
			);
			dependencies = (
				ED372C9B1A19DED400FC0D0D /* PBXTargetDependency */,
			);
			name = transformTests;
			productName = transformTests;
			productReference = ED372C991A19DED400FC0D0D /* transformTests.xctest */;
			productType = "com.apple.product-type.bundle.unit-test";
		};
/* End PBXNativeTarget section */

/* Begin PBXProject section */
		ED372C781A19DED400FC0D0D /* Project object */ = {
			isa = PBXProject;
			attributes = {
				LastUpgradeCheck = 0610;
				ORGANIZATIONNAME = dxd;
				TargetAttributes = {
					ED372C7F1A19DED400FC0D0D = {
						CreatedOnToolsVersion = 6.1;
					};
					ED372C981A19DED400FC0D0D = {
						CreatedOnToolsVersion = 6.1;
						TestTargetID = ED372C7F1A19DED400FC0D0D;
					};
				};
			};
			buildConfigurationList = ED372C7B1A19DED400FC0D0D /* Build configuration list for PBXProject "transform" */;
			compatibilityVersion = "Xcode 3.2";
			developmentRegion = English;
			hasScannedForEncodings = 0;
			knownRegions = (
				en,
				Base,
			);
			mainGroup = ED372C771A19DED400FC0D0D;
			productRefGroup = ED372C811A19DED400FC0D0D /* Products */;
			projectDirPath = "";
			projectRoot = "";
			targets = (
				ED372C7F1A19DED400FC0D0D /* transform */,
				ED372C981A19DED400FC0D0D /* transformTests */,
			);
		};
/* End PBXProject section */

/* Begin PBXResourcesBuildPhase section */
		ED372C7E1A19DED400FC0D0D /* Resources */ = {
			isa = PBXResourcesBuildPhase;
			buildActionMask = 2147483647;
			files = (
				ED372C8F1A19DED400FC0D0D /* Main.storyboard in Resources */,
				ED372C941A19DED400FC0D0D /* LaunchScreen.xib in Resources */,
				ED372C911A19DED400FC0D0D /* Images.xcassets in Resources */,
			);
			runOnlyForDeploymentPostprocessing = 0;
		};
		ED372C971A19DED400FC0D0D /* Resources */ = {
			isa = PBXResourcesBuildPhase;
			buildActionMask = 2147483647;
			files = (
			);
			runOnlyForDeploymentPostprocessing = 0;
		};
/* End PBXResourcesBuildPhase section */

/* Begin PBXSourcesBuildPhase section */
		ED372C7C1A19DED400FC0D0D /* Sources */ = {
			isa = PBXSourcesBuildPhase;
			buildActionMask = 2147483647;
			files = (
				ED372C8C1A19DED400FC0D0D /* ViewController.m in Sources */,
				ED372C891A19DED400FC0D0D /* AppDelegate.m in Sources */,
				ED372C861A19DED400FC0D0D /* main.m in Sources */,
			);
			runOnlyForDeploymentPostprocessing = 0;
		};
		ED372C951A19DED400FC0D0D /* Sources */ = {
			isa = PBXSourcesBuildPhase;
			buildActionMask = 2147483647;
			files = (
				ED372CA01A19DED400FC0D0D /* transformTests.m in Sources */,
			);
			runOnlyForDeploymentPostprocessing = 0;
		};
/* End PBXSourcesBuildPhase section */

/* Begin PBXTargetDependency section */
		ED372C9B1A19DED400FC0D0D /* PBXTargetDependency */ = {
			isa = PBXTargetDependency;
			target = ED372C7F1A19DED400FC0D0D /* transform */;
			targetProxy = ED372C9A1A19DED400FC0D0D /* PBXContainerItemProxy */;
		};
/* End PBXTargetDependency section */

/* Begin PBXVariantGroup section */
		ED372C8D1A19DED400FC0D0D /* Main.storyboard */ = {
			isa = PBXVariantGroup;
			children = (
				ED372C8E1A19DED400FC0D0D /* Base */,
			);
			name = Main.storyboard;
			sourceTree = "<group>";
		};
		ED372C921A19DED400FC0D0D /* LaunchScreen.xib */ = {
			isa = PBXVariantGroup;
			children = (
				ED372C931A19DED400FC0D0D /* Base */,
			);
			name = LaunchScreen.xib;
			sourceTree = "<group>";
		};
/* End PBXVariantGroup section */

/* Begin XCBuildConfiguration section */
		ED372CA11A19DED400FC0D0D /* Debug */ = {
			isa = XCBuildConfiguration;
			buildSettings = {
				ALWAYS_SEARCH_USER_PATHS = NO;
				CLANG_CXX_LANGUAGE_STANDARD = "gnu++0x";
				CLANG_CXX_LIBRARY = "libc++";
				CLANG_ENABLE_MODULES = YES;
				CLANG_ENABLE_OBJC_ARC = YES;
				CLANG_WARN_BOOL_CONVERSION = YES;
				CLANG_WARN_CONSTANT_CONVERSION = YES;
				CLANG_WARN_DIRECT_OBJC_ISA_USAGE = YES_ERROR;
				CLANG_WARN_EMPTY_BODY = YES;
				CLANG_WARN_ENUM_CONVERSION = YES;
				CLANG_WARN_INT_CONVERSION = YES;
				CLANG_WARN_OBJC_ROOT_CLASS = YES_ERROR;
				CLANG_WARN_UNREACHABLE_CODE = YES;
				CLANG_WARN__DUPLICATE_METHOD_MATCH = YES;
				"CODE_SIGN_IDENTITY[sdk=iphoneos*]" = "iPhone Developer";
				COPY_PHASE_STRIP = NO;
				ENABLE_STRICT_OBJC_MSGSEND = YES;
				GCC_C_LANGUAGE_STANDARD = gnu99;
				GCC_DYNAMIC_NO_PIC = NO;
				GCC_OPTIMIZATION_LEVEL = 0;
				GCC_PREPROCESSOR_DEFINITIONS = (
					"DEBUG=1",
					"$(inherited)",
				);
				GCC_SYMBOLS_PRIVATE_EXTERN = NO;
				GCC_WARN_64_TO_32_BIT_CONVERSION = YES;
				GCC_WARN_ABOUT_RETURN_TYPE = YES_ERROR;
				GCC_WARN_UNDECLARED_SELECTOR = YES;
				GCC_WARN_UNINITIALIZED_AUTOS = YES_AGGRESSIVE;
				GCC_WARN_UNUSED_FUNCTION = YES;
				GCC_WARN_UNUSED_VARIABLE = YES;
				IPHONEOS_DEPLOYMENT_TARGET = 8.1;
				MTL_ENABLE_DEBUG_INFO = YES;
				ONLY_ACTIVE_ARCH = YES;
				SDKROOT = iphoneos;
				TARGETED_DEVICE_FAMILY = "1,2";
			};
			name = Debug;
		};
		ED372CA21A19DED400FC0D0D /* Release */ = {
			isa = XCBuildConfiguration;
			buildSettings = {
				ALWAYS_SEARCH_USER_PATHS = NO;
				CLANG_CXX_LANGUAGE_STANDARD = "gnu++0x";
				CLANG_CXX_LIBRARY = "libc++";
				CLANG_ENABLE_MODULES = YES;
				CLANG_ENABLE_OBJC_ARC = YES;
				CLANG_WARN_BOOL_CONVERSION = YES;
				CLANG_WARN_CONSTANT_CONVERSION = YES;
				CLANG_WARN_DIRECT_OBJC_ISA_USAGE = YES_ERROR;
				CLANG_WARN_EMPTY_BODY = YES;
				CLANG_WARN_ENUM_CONVERSION = YES;
				CLANG_WARN_INT_CONVERSION = YES;
				CLANG_WARN_OBJC_ROOT_CLASS = YES_ERROR;
				CLANG_WARN_UNREACHABLE_CODE = YES;
				CLANG_WARN__DUPLICATE_METHOD_MATCH = YES;
				"CODE_SIGN_IDENTITY[sdk=iphoneos*]" = "iPhone Developer";
				COPY_PHASE_STRIP = YES;
				ENABLE_NS_ASSERTIONS = NO;
				ENABLE_STRICT_OBJC_MSGSEND = YES;
				GCC_C_LANGUAGE_STANDARD = gnu99;
				GCC_WARN_64_TO_32_BIT_CONVERSION = YES;
				GCC_WARN_ABOUT_RETURN_TYPE = YES_ERROR;
				GCC_WARN_UNDECLARED_SELECTOR = YES;
				GCC_WARN_UNINITIALIZED_AUTOS = YES_AGGRESSIVE;
				GCC_WARN_UNUSED_FUNCTION = YES;
				GCC_WARN_UNUSED_VARIABLE = YES;
				IPHONEOS_DEPLOYMENT_TARGET = 8.1;
				MTL_ENABLE_DEBUG_INFO = NO;
				SDKROOT = iphoneos;
				TARGETED_DEVICE_FAMILY = "1,2";
				VALIDATE_PRODUCT = YES;
			};
			name = Release;
		};
		ED372CA41A19DED400FC0D0D /* Debug */ = {
			isa = XCBuildConfiguration;
			buildSettings = {
				ASSETCATALOG_COMPILER_APPICON_NAME = AppIcon;
				INFOPLIST_FILE = transform/Info.plist;
				LD_RUNPATH_SEARCH_PATHS = "$(inherited) @executable_path/Frameworks";
				PRODUCT_NAME = "$(TARGET_NAME)";
			};
			name = Debug;
		};
		ED372CA51A19DED400FC0D0D /* Release */ = {
			isa = XCBuildConfiguration;
			buildSettings = {
				ASSETCATALOG_COMPILER_APPICON_NAME = AppIcon;
				INFOPLIST_FILE = transform/Info.plist;
				LD_RUNPATH_SEARCH_PATHS = "$(inherited) @executable_path/Frameworks";
				PRODUCT_NAME = "$(TARGET_NAME)";
			};
			name = Release;
		};
		ED372CA71A19DED400FC0D0D /* Debug */ = {
			isa = XCBuildConfiguration;
			buildSettings = {
				BUNDLE_LOADER = "$(TEST_HOST)";
				FRAMEWORK_SEARCH_PATHS = (
					"$(SDKROOT)/Developer/Library/Frameworks",
					"$(inherited)",
				);
				GCC_PREPROCESSOR_DEFINITIONS = (
					"DEBUG=1",
					"$(inherited)",
				);
				INFOPLIST_FILE = transformTests/Info.plist;
				LD_RUNPATH_SEARCH_PATHS = "$(inherited) @executable_path/Frameworks @loader_path/Frameworks";
				PRODUCT_NAME = "$(TARGET_NAME)";
				TEST_HOST = "$(BUILT_PRODUCTS_DIR)/transform.app/transform";
			};
			name = Debug;
		};
		ED372CA81A19DED400FC0D0D /* Release */ = {
			isa = XCBuildConfiguration;
			buildSettings = {
				BUNDLE_LOADER = "$(TEST_HOST)";
				FRAMEWORK_SEARCH_PATHS = (
					"$(SDKROOT)/Developer/Library/Frameworks",
					"$(inherited)",
				);
				INFOPLIST_FILE = transformTests/Info.plist;
				LD_RUNPATH_SEARCH_PATHS = "$(inherited) @executable_path/Frameworks @loader_path/Frameworks";
				PRODUCT_NAME = "$(TARGET_NAME)";
				TEST_HOST = "$(BUILT_PRODUCTS_DIR)/transform.app/transform";
			};
			name = Release;
		};
/* End XCBuildConfiguration section */

/* Begin XCConfigurationList section */
		ED372C7B1A19DED400FC0D0D /* Build configuration list for PBXProject "transform" */ = {
			isa = XCConfigurationList;
			buildConfigurations = (
				ED372CA11A19DED400FC0D0D /* Debug */,
				ED372CA21A19DED400FC0D0D /* Release */,
			);
			defaultConfigurationIsVisible = 0;
			defaultConfigurationName = Release;
		};
		ED372CA31A19DED400FC0D0D /* Build configuration list for PBXNativeTarget "transform" */ = {
			isa = XCConfigurationList;
			buildConfigurations = (
				ED372CA41A19DED400FC0D0D /* Debug */,
				ED372CA51A19DED400FC0D0D /* Release */,
			);
			defaultConfigurationIsVisible = 0;
		};
		ED372CA61A19DED400FC0D0D /* Build configuration list for PBXNativeTarget "transformTests" */ = {
			isa = XCConfigurationList;
			buildConfigurations = (
				ED372CA71A19DED400FC0D0D /* Debug */,
				ED372CA81A19DED400FC0D0D /* Release */,
			);
			defaultConfigurationIsVisible = 0;
		};
/* End XCConfigurationList section */
	};
	rootObject = ED372C781A19DED400FC0D0D /* Project object */;
}
