// !$*UTF8*$!
{
	archiveVersion = 1;
	classes = {
	};
	objectVersion = 46;
	objects = {

/* Begin PBXBuildFile section */
		ED026AAA18B783A300996C8B /* Foundation.framework in Frameworks */ = {isa = PBXBuildFile; fileRef = ED026AA918B783A300996C8B /* Foundation.framework */; };
		ED026AAC18B783A300996C8B /* CoreGraphics.framework in Frameworks */ = {isa = PBXBuildFile; fileRef = ED026AAB18B783A300996C8B /* CoreGraphics.framework */; };
		ED026AAE18B783A300996C8B /* UIKit.framework in Frameworks */ = {isa = PBXBuildFile; fileRef = ED026AAD18B783A300996C8B /* UIKit.framework */; };
		ED026AB418B783A300996C8B /* InfoPlist.strings in Resources */ = {isa = PBXBuildFile; fileRef = ED026AB218B783A300996C8B /* InfoPlist.strings */; };
		ED026AB618B783A300996C8B /* main.m in Sources */ = {isa = PBXBuildFile; fileRef = ED026AB518B783A300996C8B /* main.m */; };
		ED026ABA18B783A300996C8B /* AppDelegate.m in Sources */ = {isa = PBXBuildFile; fileRef = ED026AB918B783A300996C8B /* AppDelegate.m */; };
		ED026ABD18B783A300996C8B /* Main_iPhone.storyboard in Resources */ = {isa = PBXBuildFile; fileRef = ED026ABB18B783A300996C8B /* Main_iPhone.storyboard */; };
		ED026AC018B783A300996C8B /* Main_iPad.storyboard in Resources */ = {isa = PBXBuildFile; fileRef = ED026ABE18B783A300996C8B /* Main_iPad.storyboard */; };
		ED026AC318B783A300996C8B /* ViewController.m in Sources */ = {isa = PBXBuildFile; fileRef = ED026AC218B783A300996C8B /* ViewController.m */; };
		ED026AC518B783A300996C8B /* Images.xcassets in Resources */ = {isa = PBXBuildFile; fileRef = ED026AC418B783A300996C8B /* Images.xcassets */; };
		ED026ACC18B783A300996C8B /* XCTest.framework in Frameworks */ = {isa = PBXBuildFile; fileRef = ED026ACB18B783A300996C8B /* XCTest.framework */; };
		ED026ACD18B783A300996C8B /* Foundation.framework in Frameworks */ = {isa = PBXBuildFile; fileRef = ED026AA918B783A300996C8B /* Foundation.framework */; };
		ED026ACE18B783A300996C8B /* UIKit.framework in Frameworks */ = {isa = PBXBuildFile; fileRef = ED026AAD18B783A300996C8B /* UIKit.framework */; };
		ED026AD618B783A300996C8B /* InfoPlist.strings in Resources */ = {isa = PBXBuildFile; fileRef = ED026AD418B783A300996C8B /* InfoPlist.strings */; };
		ED026AD818B783A300996C8B /* randdomTests.m in Sources */ = {isa = PBXBuildFile; fileRef = ED026AD718B783A300996C8B /* randdomTests.m */; };
		ED026AFF18B783F900996C8B /* user_100_100_1_100271.jpg in Resources */ = {isa = PBXBuildFile; fileRef = ED026AE218B783F900996C8B /* user_100_100_1_100271.jpg */; };
		ED026B0018B783F900996C8B /* user_100_100_1_100384.jpg in Resources */ = {isa = PBXBuildFile; fileRef = ED026AE318B783F900996C8B /* user_100_100_1_100384.jpg */; };
		ED026B0118B783F900996C8B /* user_100_100_1_100968.jpg in Resources */ = {isa = PBXBuildFile; fileRef = ED026AE418B783F900996C8B /* user_100_100_1_100968.jpg */; };
		ED026B0218B783F900996C8B /* user_100_100_1_100970.jpg in Resources */ = {isa = PBXBuildFile; fileRef = ED026AE518B783F900996C8B /* user_100_100_1_100970.jpg */; };
		ED026B0318B783F900996C8B /* user_100_100_1_101302.jpg in Resources */ = {isa = PBXBuildFile; fileRef = ED026AE618B783F900996C8B /* user_100_100_1_101302.jpg */; };
		ED026B0418B783F900996C8B /* user_100_100_1_101459.jpg in Resources */ = {isa = PBXBuildFile; fileRef = ED026AE718B783F900996C8B /* user_100_100_1_101459.jpg */; };
		ED026B0518B783F900996C8B /* user_100_100_1_101660.jpg in Resources */ = {isa = PBXBuildFile; fileRef = ED026AE818B783F900996C8B /* user_100_100_1_101660.jpg */; };
		ED026B0618B783F900996C8B /* user_100_100_1_118834.jpg in Resources */ = {isa = PBXBuildFile; fileRef = ED026AE918B783F900996C8B /* user_100_100_1_118834.jpg */; };
		ED026B0718B783F900996C8B /* user_100_100_1_118881.jpg in Resources */ = {isa = PBXBuildFile; fileRef = ED026AEA18B783F900996C8B /* user_100_100_1_118881.jpg */; };
		ED026B0818B783F900996C8B /* user_100_100_1_118896.jpg in Resources */ = {isa = PBXBuildFile; fileRef = ED026AEB18B783F900996C8B /* user_100_100_1_118896.jpg */; };
		ED026B0918B783F900996C8B /* user_100_100_1_119042.jpg in Resources */ = {isa = PBXBuildFile; fileRef = ED026AEC18B783F900996C8B /* user_100_100_1_119042.jpg */; };
		ED026B0A18B783F900996C8B /* user_100_100_1_119063.jpg in Resources */ = {isa = PBXBuildFile; fileRef = ED026AED18B783F900996C8B /* user_100_100_1_119063.jpg */; };
		ED026B0B18B783F900996C8B /* user_100_100_1_119105.jpg in Resources */ = {isa = PBXBuildFile; fileRef = ED026AEE18B783F900996C8B /* user_100_100_1_119105.jpg */; };
		ED026B0C18B783F900996C8B /* user_100_100_1_119122.jpg in Resources */ = {isa = PBXBuildFile; fileRef = ED026AEF18B783F900996C8B /* user_100_100_1_119122.jpg */; };
		ED026B0D18B783F900996C8B /* user_100_100_1_119509.jpg in Resources */ = {isa = PBXBuildFile; fileRef = ED026AF018B783F900996C8B /* user_100_100_1_119509.jpg */; };
		ED026B0E18B783F900996C8B /* user_100_100_1_119693.jpg in Resources */ = {isa = PBXBuildFile; fileRef = ED026AF118B783F900996C8B /* user_100_100_1_119693.jpg */; };
		ED026B0F18B783F900996C8B /* user_100_100_1_119864.jpg in Resources */ = {isa = PBXBuildFile; fileRef = ED026AF218B783F900996C8B /* user_100_100_1_119864.jpg */; };
		ED026B1018B783F900996C8B /* user_100_100_1_119966.jpg in Resources */ = {isa = PBXBuildFile; fileRef = ED026AF318B783F900996C8B /* user_100_100_1_119966.jpg */; };
		ED026B1118B783F900996C8B /* user_100_100_1_120092.jpg in Resources */ = {isa = PBXBuildFile; fileRef = ED026AF418B783F900996C8B /* user_100_100_1_120092.jpg */; };
		ED026B1218B783F900996C8B /* user_100_100_1_120154.jpg in Resources */ = {isa = PBXBuildFile; fileRef = ED026AF518B783F900996C8B /* user_100_100_1_120154.jpg */; };
		ED026B1318B783F900996C8B /* user_100_100_1_120291.jpg in Resources */ = {isa = PBXBuildFile; fileRef = ED026AF618B783F900996C8B /* user_100_100_1_120291.jpg */; };
		ED026B1418B783F900996C8B /* user_100_100_1_123658.jpg in Resources */ = {isa = PBXBuildFile; fileRef = ED026AF718B783F900996C8B /* user_100_100_1_123658.jpg */; };
		ED026B1518B783F900996C8B /* user_100_100_1_133168.jpg in Resources */ = {isa = PBXBuildFile; fileRef = ED026AF818B783F900996C8B /* user_100_100_1_133168.jpg */; };
		ED026B1618B783F900996C8B /* user_100_100_1_273.jpg in Resources */ = {isa = PBXBuildFile; fileRef = ED026AF918B783F900996C8B /* user_100_100_1_273.jpg */; };
		ED026B1718B783F900996C8B /* user_100_100_1_300.jpg in Resources */ = {isa = PBXBuildFile; fileRef = ED026AFA18B783F900996C8B /* user_100_100_1_300.jpg */; };
		ED026B1818B783F900996C8B /* user_100_100_1_438.jpg in Resources */ = {isa = PBXBuildFile; fileRef = ED026AFB18B783F900996C8B /* user_100_100_1_438.jpg */; };
		ED026B1918B783F900996C8B /* user_100_100_1_486.jpg in Resources */ = {isa = PBXBuildFile; fileRef = ED026AFC18B783F900996C8B /* user_100_100_1_486.jpg */; };
		ED026B1A18B783F900996C8B /* user_100_100_1_572.jpg in Resources */ = {isa = PBXBuildFile; fileRef = ED026AFD18B783F900996C8B /* user_100_100_1_572.jpg */; };
		ED026B1B18B783F900996C8B /* user_100_100_1_70.jpg in Resources */ = {isa = PBXBuildFile; fileRef = ED026AFE18B783F900996C8B /* user_100_100_1_70.jpg */; };
/* End PBXBuildFile section */

/* Begin PBXContainerItemProxy section */
		ED026ACF18B783A300996C8B /* PBXContainerItemProxy */ = {
			isa = PBXContainerItemProxy;
			containerPortal = ED026A9E18B783A300996C8B /* Project object */;
			proxyType = 1;
			remoteGlobalIDString = ED026AA518B783A300996C8B;
			remoteInfo = randdom;
		};
/* End PBXContainerItemProxy section */

/* Begin PBXFileReference section */
		ED026AA618B783A300996C8B /* randdom.app */ = {isa = PBXFileReference; explicitFileType = wrapper.application; includeInIndex = 0; path = randdom.app; sourceTree = BUILT_PRODUCTS_DIR; };
		ED026AA918B783A300996C8B /* Foundation.framework */ = {isa = PBXFileReference; lastKnownFileType = wrapper.framework; name = Foundation.framework; path = System/Library/Frameworks/Foundation.framework; sourceTree = SDKROOT; };
		ED026AAB18B783A300996C8B /* CoreGraphics.framework */ = {isa = PBXFileReference; lastKnownFileType = wrapper.framework; name = CoreGraphics.framework; path = System/Library/Frameworks/CoreGraphics.framework; sourceTree = SDKROOT; };
		ED026AAD18B783A300996C8B /* UIKit.framework */ = {isa = PBXFileReference; lastKnownFileType = wrapper.framework; name = UIKit.framework; path = System/Library/Frameworks/UIKit.framework; sourceTree = SDKROOT; };
		ED026AB118B783A300996C8B /* randdom-Info.plist */ = {isa = PBXFileReference; lastKnownFileType = text.plist.xml; path = "randdom-Info.plist"; sourceTree = "<group>"; };
		ED026AB318B783A300996C8B /* en */ = {isa = PBXFileReference; lastKnownFileType = text.plist.strings; name = en; path = en.lproj/InfoPlist.strings; sourceTree = "<group>"; };
		ED026AB518B783A300996C8B /* main.m */ = {isa = PBXFileReference; lastKnownFileType = sourcecode.c.objc; path = main.m; sourceTree = "<group>"; };
		ED026AB718B783A300996C8B /* randdom-Prefix.pch */ = {isa = PBXFileReference; lastKnownFileType = sourcecode.c.h; path = "randdom-Prefix.pch"; sourceTree = "<group>"; };
		ED026AB818B783A300996C8B /* AppDelegate.h */ = {isa = PBXFileReference; lastKnownFileType = sourcecode.c.h; path = AppDelegate.h; sourceTree = "<group>"; };
		ED026AB918B783A300996C8B /* AppDelegate.m */ = {isa = PBXFileReference; lastKnownFileType = sourcecode.c.objc; path = AppDelegate.m; sourceTree = "<group>"; };
		ED026ABC18B783A300996C8B /* Base */ = {isa = PBXFileReference; lastKnownFileType = file.storyboard; name = Base; path = Base.lproj/Main_iPhone.storyboard; sourceTree = "<group>"; };
		ED026ABF18B783A300996C8B /* Base */ = {isa = PBXFileReference; lastKnownFileType = file.storyboard; name = Base; path = Base.lproj/Main_iPad.storyboard; sourceTree = "<group>"; };
		ED026AC118B783A300996C8B /* ViewController.h */ = {isa = PBXFileReference; lastKnownFileType = sourcecode.c.h; path = ViewController.h; sourceTree = "<group>"; };
		ED026AC218B783A300996C8B /* ViewController.m */ = {isa = PBXFileReference; lastKnownFileType = sourcecode.c.objc; path = ViewController.m; sourceTree = "<group>"; };
		ED026AC418B783A300996C8B /* Images.xcassets */ = {isa = PBXFileReference; lastKnownFileType = folder.assetcatalog; path = Images.xcassets; sourceTree = "<group>"; };
		ED026ACA18B783A300996C8B /* randdomTests.xctest */ = {isa = PBXFileReference; explicitFileType = wrapper.cfbundle; includeInIndex = 0; path = randdomTests.xctest; sourceTree = BUILT_PRODUCTS_DIR; };
		ED026ACB18B783A300996C8B /* XCTest.framework */ = {isa = PBXFileReference; lastKnownFileType = wrapper.framework; name = XCTest.framework; path = Library/Frameworks/XCTest.framework; sourceTree = DEVELOPER_DIR; };
		ED026AD318B783A300996C8B /* randdomTests-Info.plist */ = {isa = PBXFileReference; lastKnownFileType = text.plist.xml; path = "randdomTests-Info.plist"; sourceTree = "<group>"; };
		ED026AD518B783A300996C8B /* en */ = {isa = PBXFileReference; lastKnownFileType = text.plist.strings; name = en; path = en.lproj/InfoPlist.strings; sourceTree = "<group>"; };
		ED026AD718B783A300996C8B /* randdomTests.m */ = {isa = PBXFileReference; lastKnownFileType = sourcecode.c.objc; path = randdomTests.m; sourceTree = "<group>"; };
		ED026AE218B783F900996C8B /* user_100_100_1_100271.jpg */ = {isa = PBXFileReference; lastKnownFileType = image.jpeg; path = user_100_100_1_100271.jpg; sourceTree = "<group>"; };
		ED026AE318B783F900996C8B /* user_100_100_1_100384.jpg */ = {isa = PBXFileReference; lastKnownFileType = image.jpeg; path = user_100_100_1_100384.jpg; sourceTree = "<group>"; };
		ED026AE418B783F900996C8B /* user_100_100_1_100968.jpg */ = {isa = PBXFileReference; lastKnownFileType = image.jpeg; path = user_100_100_1_100968.jpg; sourceTree = "<group>"; };
		ED026AE518B783F900996C8B /* user_100_100_1_100970.jpg */ = {isa = PBXFileReference; lastKnownFileType = image.jpeg; path = user_100_100_1_100970.jpg; sourceTree = "<group>"; };
		ED026AE618B783F900996C8B /* user_100_100_1_101302.jpg */ = {isa = PBXFileReference; lastKnownFileType = image.jpeg; path = user_100_100_1_101302.jpg; sourceTree = "<group>"; };
		ED026AE718B783F900996C8B /* user_100_100_1_101459.jpg */ = {isa = PBXFileReference; lastKnownFileType = image.jpeg; path = user_100_100_1_101459.jpg; sourceTree = "<group>"; };
		ED026AE818B783F900996C8B /* user_100_100_1_101660.jpg */ = {isa = PBXFileReference; lastKnownFileType = image.jpeg; path = user_100_100_1_101660.jpg; sourceTree = "<group>"; };
		ED026AE918B783F900996C8B /* user_100_100_1_118834.jpg */ = {isa = PBXFileReference; lastKnownFileType = image.jpeg; path = user_100_100_1_118834.jpg; sourceTree = "<group>"; };
		ED026AEA18B783F900996C8B /* user_100_100_1_118881.jpg */ = {isa = PBXFileReference; lastKnownFileType = image.jpeg; path = user_100_100_1_118881.jpg; sourceTree = "<group>"; };
		ED026AEB18B783F900996C8B /* user_100_100_1_118896.jpg */ = {isa = PBXFileReference; lastKnownFileType = image.jpeg; path = user_100_100_1_118896.jpg; sourceTree = "<group>"; };
		ED026AEC18B783F900996C8B /* user_100_100_1_119042.jpg */ = {isa = PBXFileReference; lastKnownFileType = image.jpeg; path = user_100_100_1_119042.jpg; sourceTree = "<group>"; };
		ED026AED18B783F900996C8B /* user_100_100_1_119063.jpg */ = {isa = PBXFileReference; lastKnownFileType = image.jpeg; path = user_100_100_1_119063.jpg; sourceTree = "<group>"; };
		ED026AEE18B783F900996C8B /* user_100_100_1_119105.jpg */ = {isa = PBXFileReference; lastKnownFileType = image.jpeg; path = user_100_100_1_119105.jpg; sourceTree = "<group>"; };
		ED026AEF18B783F900996C8B /* user_100_100_1_119122.jpg */ = {isa = PBXFileReference; lastKnownFileType = image.jpeg; path = user_100_100_1_119122.jpg; sourceTree = "<group>"; };
		ED026AF018B783F900996C8B /* user_100_100_1_119509.jpg */ = {isa = PBXFileReference; lastKnownFileType = image.jpeg; path = user_100_100_1_119509.jpg; sourceTree = "<group>"; };
		ED026AF118B783F900996C8B /* user_100_100_1_119693.jpg */ = {isa = PBXFileReference; lastKnownFileType = image.jpeg; path = user_100_100_1_119693.jpg; sourceTree = "<group>"; };
		ED026AF218B783F900996C8B /* user_100_100_1_119864.jpg */ = {isa = PBXFileReference; lastKnownFileType = image.jpeg; path = user_100_100_1_119864.jpg; sourceTree = "<group>"; };
		ED026AF318B783F900996C8B /* user_100_100_1_119966.jpg */ = {isa = PBXFileReference; lastKnownFileType = image.jpeg; path = user_100_100_1_119966.jpg; sourceTree = "<group>"; };
		ED026AF418B783F900996C8B /* user_100_100_1_120092.jpg */ = {isa = PBXFileReference; lastKnownFileType = image.jpeg; path = user_100_100_1_120092.jpg; sourceTree = "<group>"; };
		ED026AF518B783F900996C8B /* user_100_100_1_120154.jpg */ = {isa = PBXFileReference; lastKnownFileType = image.jpeg; path = user_100_100_1_120154.jpg; sourceTree = "<group>"; };
		ED026AF618B783F900996C8B /* user_100_100_1_120291.jpg */ = {isa = PBXFileReference; lastKnownFileType = image.jpeg; path = user_100_100_1_120291.jpg; sourceTree = "<group>"; };
		ED026AF718B783F900996C8B /* user_100_100_1_123658.jpg */ = {isa = PBXFileReference; lastKnownFileType = image.jpeg; path = user_100_100_1_123658.jpg; sourceTree = "<group>"; };
		ED026AF818B783F900996C8B /* user_100_100_1_133168.jpg */ = {isa = PBXFileReference; lastKnownFileType = image.jpeg; path = user_100_100_1_133168.jpg; sourceTree = "<group>"; };
		ED026AF918B783F900996C8B /* user_100_100_1_273.jpg */ = {isa = PBXFileReference; lastKnownFileType = image.jpeg; path = user_100_100_1_273.jpg; sourceTree = "<group>"; };
		ED026AFA18B783F900996C8B /* user_100_100_1_300.jpg */ = {isa = PBXFileReference; lastKnownFileType = image.jpeg; path = user_100_100_1_300.jpg; sourceTree = "<group>"; };
		ED026AFB18B783F900996C8B /* user_100_100_1_438.jpg */ = {isa = PBXFileReference; lastKnownFileType = image.jpeg; path = user_100_100_1_438.jpg; sourceTree = "<group>"; };
		ED026AFC18B783F900996C8B /* user_100_100_1_486.jpg */ = {isa = PBXFileReference; lastKnownFileType = image.jpeg; path = user_100_100_1_486.jpg; sourceTree = "<group>"; };
		ED026AFD18B783F900996C8B /* user_100_100_1_572.jpg */ = {isa = PBXFileReference; lastKnownFileType = image.jpeg; path = user_100_100_1_572.jpg; sourceTree = "<group>"; };
		ED026AFE18B783F900996C8B /* user_100_100_1_70.jpg */ = {isa = PBXFileReference; lastKnownFileType = image.jpeg; path = user_100_100_1_70.jpg; sourceTree = "<group>"; };
/* End PBXFileReference section */

/* Begin PBXFrameworksBuildPhase section */
		ED026AA318B783A300996C8B /* Frameworks */ = {
			isa = PBXFrameworksBuildPhase;
			buildActionMask = 2147483647;
			files = (
				ED026AAC18B783A300996C8B /* CoreGraphics.framework in Frameworks */,
				ED026AAE18B783A300996C8B /* UIKit.framework in Frameworks */,
				ED026AAA18B783A300996C8B /* Foundation.framework in Frameworks */,
			);
			runOnlyForDeploymentPostprocessing = 0;
		};
		ED026AC718B783A300996C8B /* Frameworks */ = {
			isa = PBXFrameworksBuildPhase;
			buildActionMask = 2147483647;
			files = (
				ED026ACC18B783A300996C8B /* XCTest.framework in Frameworks */,
				ED026ACE18B783A300996C8B /* UIKit.framework in Frameworks */,
				ED026ACD18B783A300996C8B /* Foundation.framework in Frameworks */,
			);
			runOnlyForDeploymentPostprocessing = 0;
		};
/* End PBXFrameworksBuildPhase section */

/* Begin PBXGroup section */
		ED026A9D18B783A300996C8B = {
			isa = PBXGroup;
			children = (
				ED026AAF18B783A300996C8B /* randdom */,
				ED026AD118B783A300996C8B /* randdomTests */,
				ED026AA818B783A300996C8B /* Frameworks */,
				ED026AA718B783A300996C8B /* Products */,
			);
			sourceTree = "<group>";
		};
		ED026AA718B783A300996C8B /* Products */ = {
			isa = PBXGroup;
			children = (
				ED026AA618B783A300996C8B /* randdom.app */,
				ED026ACA18B783A300996C8B /* randdomTests.xctest */,
			);
			name = Products;
			sourceTree = "<group>";
		};
		ED026AA818B783A300996C8B /* Frameworks */ = {
			isa = PBXGroup;
			children = (
				ED026AA918B783A300996C8B /* Foundation.framework */,
				ED026AAB18B783A300996C8B /* CoreGraphics.framework */,
				ED026AAD18B783A300996C8B /* UIKit.framework */,
				ED026ACB18B783A300996C8B /* XCTest.framework */,
			);
			name = Frameworks;
			sourceTree = "<group>";
		};
		ED026AAF18B783A300996C8B /* randdom */ = {
			isa = PBXGroup;
			children = (
				ED026AE118B783F900996C8B /* photo */,
				ED026AB818B783A300996C8B /* AppDelegate.h */,
				ED026AB918B783A300996C8B /* AppDelegate.m */,
				ED026ABB18B783A300996C8B /* Main_iPhone.storyboard */,
				ED026ABE18B783A300996C8B /* Main_iPad.storyboard */,
				ED026AC118B783A300996C8B /* ViewController.h */,
				ED026AC218B783A300996C8B /* ViewController.m */,
				ED026AC418B783A300996C8B /* Images.xcassets */,
				ED026AB018B783A300996C8B /* Supporting Files */,
			);
			path = randdom;
			sourceTree = "<group>";
		};
		ED026AB018B783A300996C8B /* Supporting Files */ = {
			isa = PBXGroup;
			children = (
				ED026AB118B783A300996C8B /* randdom-Info.plist */,
				ED026AB218B783A300996C8B /* InfoPlist.strings */,
				ED026AB518B783A300996C8B /* main.m */,
				ED026AB718B783A300996C8B /* randdom-Prefix.pch */,
			);
			name = "Supporting Files";
			sourceTree = "<group>";
		};
		ED026AD118B783A300996C8B /* randdomTests */ = {
			isa = PBXGroup;
			children = (
				ED026AD718B783A300996C8B /* randdomTests.m */,
				ED026AD218B783A300996C8B /* Supporting Files */,
			);
			path = randdomTests;
			sourceTree = "<group>";
		};
		ED026AD218B783A300996C8B /* Supporting Files */ = {
			isa = PBXGroup;
			children = (
				ED026AD318B783A300996C8B /* randdomTests-Info.plist */,
				ED026AD418B783A300996C8B /* InfoPlist.strings */,
			);
			name = "Supporting Files";
			sourceTree = "<group>";
		};
		ED026AE118B783F900996C8B /* photo */ = {
			isa = PBXGroup;
			children = (
				ED026AE218B783F900996C8B /* user_100_100_1_100271.jpg */,
				ED026AE318B783F900996C8B /* user_100_100_1_100384.jpg */,
				ED026AE418B783F900996C8B /* user_100_100_1_100968.jpg */,
				ED026AE518B783F900996C8B /* user_100_100_1_100970.jpg */,
				ED026AE618B783F900996C8B /* user_100_100_1_101302.jpg */,
				ED026AE718B783F900996C8B /* user_100_100_1_101459.jpg */,
				ED026AE818B783F900996C8B /* user_100_100_1_101660.jpg */,
				ED026AE918B783F900996C8B /* user_100_100_1_118834.jpg */,
				ED026AEA18B783F900996C8B /* user_100_100_1_118881.jpg */,
				ED026AEB18B783F900996C8B /* user_100_100_1_118896.jpg */,
				ED026AEC18B783F900996C8B /* user_100_100_1_119042.jpg */,
				ED026AED18B783F900996C8B /* user_100_100_1_119063.jpg */,
				ED026AEE18B783F900996C8B /* user_100_100_1_119105.jpg */,
				ED026AEF18B783F900996C8B /* user_100_100_1_119122.jpg */,
				ED026AF018B783F900996C8B /* user_100_100_1_119509.jpg */,
				ED026AF118B783F900996C8B /* user_100_100_1_119693.jpg */,
				ED026AF218B783F900996C8B /* user_100_100_1_119864.jpg */,
				ED026AF318B783F900996C8B /* user_100_100_1_119966.jpg */,
				ED026AF418B783F900996C8B /* user_100_100_1_120092.jpg */,
				ED026AF518B783F900996C8B /* user_100_100_1_120154.jpg */,
				ED026AF618B783F900996C8B /* user_100_100_1_120291.jpg */,
				ED026AF718B783F900996C8B /* user_100_100_1_123658.jpg */,
				ED026AF818B783F900996C8B /* user_100_100_1_133168.jpg */,
				ED026AF918B783F900996C8B /* user_100_100_1_273.jpg */,
				ED026AFA18B783F900996C8B /* user_100_100_1_300.jpg */,
				ED026AFB18B783F900996C8B /* user_100_100_1_438.jpg */,
				ED026AFC18B783F900996C8B /* user_100_100_1_486.jpg */,
				ED026AFD18B783F900996C8B /* user_100_100_1_572.jpg */,
				ED026AFE18B783F900996C8B /* user_100_100_1_70.jpg */,
			);
			path = photo;
			sourceTree = "<group>";
		};
/* End PBXGroup section */

/* Begin PBXNativeTarget section */
		ED026AA518B783A300996C8B /* randdom */ = {
			isa = PBXNativeTarget;
			buildConfigurationList = ED026ADB18B783A300996C8B /* Build configuration list for PBXNativeTarget "randdom" */;
			buildPhases = (
				ED026AA218B783A300996C8B /* Sources */,
				ED026AA318B783A300996C8B /* Frameworks */,
				ED026AA418B783A300996C8B /* Resources */,
			);
			buildRules = (
			);
			dependencies = (
			);
			name = randdom;
			productName = randdom;
			productReference = ED026AA618B783A300996C8B /* randdom.app */;
			productType = "com.apple.product-type.application";
		};
		ED026AC918B783A300996C8B /* randdomTests */ = {
			isa = PBXNativeTarget;
			buildConfigurationList = ED026ADE18B783A300996C8B /* Build configuration list for PBXNativeTarget "randdomTests" */;
			buildPhases = (
				ED026AC618B783A300996C8B /* Sources */,
				ED026AC718B783A300996C8B /* Frameworks */,
				ED026AC818B783A300996C8B /* Resources */,
			);
			buildRules = (
			);
			dependencies = (
				ED026AD018B783A300996C8B /* PBXTargetDependency */,
			);
			name = randdomTests;
			productName = randdomTests;
			productReference = ED026ACA18B783A300996C8B /* randdomTests.xctest */;
			productType = "com.apple.product-type.bundle.unit-test";
		};
/* End PBXNativeTarget section */

/* Begin PBXProject section */
		ED026A9E18B783A300996C8B /* Project object */ = {
			isa = PBXProject;
			attributes = {
				LastUpgradeCheck = 0500;
				ORGANIZATIONNAME = dxd;
				TargetAttributes = {
					ED026AC918B783A300996C8B = {
						TestTargetID = ED026AA518B783A300996C8B;
					};
				};
			};
			buildConfigurationList = ED026AA118B783A300996C8B /* Build configuration list for PBXProject "randdom" */;
			compatibilityVersion = "Xcode 3.2";
			developmentRegion = English;
			hasScannedForEncodings = 0;
			knownRegions = (
				en,
				Base,
			);
			mainGroup = ED026A9D18B783A300996C8B;
			productRefGroup = ED026AA718B783A300996C8B /* Products */;
			projectDirPath = "";
			projectRoot = "";
			targets = (
				ED026AA518B783A300996C8B /* randdom */,
				ED026AC918B783A300996C8B /* randdomTests */,
			);
		};
/* End PBXProject section */

/* Begin PBXResourcesBuildPhase section */
		ED026AA418B783A300996C8B /* Resources */ = {
			isa = PBXResourcesBuildPhase;
			buildActionMask = 2147483647;
			files = (
				ED026B0918B783F900996C8B /* user_100_100_1_119042.jpg in Resources */,
				ED026AFF18B783F900996C8B /* user_100_100_1_100271.jpg in Resources */,
				ED026AC018B783A300996C8B /* Main_iPad.storyboard in Resources */,
				ED026B0018B783F900996C8B /* user_100_100_1_100384.jpg in Resources */,
				ED026B1918B783F900996C8B /* user_100_100_1_486.jpg in Resources */,
				ED026B0618B783F900996C8B /* user_100_100_1_118834.jpg in Resources */,
				ED026AC518B783A300996C8B /* Images.xcassets in Resources */,
				ED026B0418B783F900996C8B /* user_100_100_1_101459.jpg in Resources */,
				ED026ABD18B783A300996C8B /* Main_iPhone.storyboard in Resources */,
				ED026B0518B783F900996C8B /* user_100_100_1_101660.jpg in Resources */,
				ED026B1418B783F900996C8B /* user_100_100_1_123658.jpg in Resources */,
				ED026B1818B783F900996C8B /* user_100_100_1_438.jpg in Resources */,
				ED026AB418B783A300996C8B /* InfoPlist.strings in Resources */,
				ED026B0C18B783F900996C8B /* user_100_100_1_119122.jpg in Resources */,
				ED026B1218B783F900996C8B /* user_100_100_1_120154.jpg in Resources */,
				ED026B1318B783F900996C8B /* user_100_100_1_120291.jpg in Resources */,
				ED026B0A18B783F900996C8B /* user_100_100_1_119063.jpg in Resources */,
				ED026B1A18B783F900996C8B /* user_100_100_1_572.jpg in Resources */,
				ED026B1018B783F900996C8B /* user_100_100_1_119966.jpg in Resources */,
				ED026B1518B783F900996C8B /* user_100_100_1_133168.jpg in Resources */,
				ED026B0818B783F900996C8B /* user_100_100_1_118896.jpg in Resources */,
				ED026B0F18B783F900996C8B /* user_100_100_1_119864.jpg in Resources */,
				ED026B1618B783F900996C8B /* user_100_100_1_273.jpg in Resources */,
				ED026B0B18B783F900996C8B /* user_100_100_1_119105.jpg in Resources */,
				ED026B0318B783F900996C8B /* user_100_100_1_101302.jpg in Resources */,
				ED026B0118B783F900996C8B /* user_100_100_1_100968.jpg in Resources */,
				ED026B0718B783F900996C8B /* user_100_100_1_118881.jpg in Resources */,
				ED026B0218B783F900996C8B /* user_100_100_1_100970.jpg in Resources */,
				ED026B1118B783F900996C8B /* user_100_100_1_120092.jpg in Resources */,
				ED026B1B18B783F900996C8B /* user_100_100_1_70.jpg in Resources */,
				ED026B1718B783F900996C8B /* user_100_100_1_300.jpg in Resources */,
				ED026B0D18B783F900996C8B /* user_100_100_1_119509.jpg in Resources */,
				ED026B0E18B783F900996C8B /* user_100_100_1_119693.jpg in Resources */,
			);
			runOnlyForDeploymentPostprocessing = 0;
		};
		ED026AC818B783A300996C8B /* Resources */ = {
			isa = PBXResourcesBuildPhase;
			buildActionMask = 2147483647;
			files = (
				ED026AD618B783A300996C8B /* InfoPlist.strings in Resources */,
			);
			runOnlyForDeploymentPostprocessing = 0;
		};
/* End PBXResourcesBuildPhase section */

/* Begin PBXSourcesBuildPhase section */
		ED026AA218B783A300996C8B /* Sources */ = {
			isa = PBXSourcesBuildPhase;
			buildActionMask = 2147483647;
			files = (
				ED026AC318B783A300996C8B /* ViewController.m in Sources */,
				ED026ABA18B783A300996C8B /* AppDelegate.m in Sources */,
				ED026AB618B783A300996C8B /* main.m in Sources */,
			);
			runOnlyForDeploymentPostprocessing = 0;
		};
		ED026AC618B783A300996C8B /* Sources */ = {
			isa = PBXSourcesBuildPhase;
			buildActionMask = 2147483647;
			files = (
				ED026AD818B783A300996C8B /* randdomTests.m in Sources */,
			);
			runOnlyForDeploymentPostprocessing = 0;
		};
/* End PBXSourcesBuildPhase section */

/* Begin PBXTargetDependency section */
		ED026AD018B783A300996C8B /* PBXTargetDependency */ = {
			isa = PBXTargetDependency;
			target = ED026AA518B783A300996C8B /* randdom */;
			targetProxy = ED026ACF18B783A300996C8B /* PBXContainerItemProxy */;
		};
/* End PBXTargetDependency section */

/* Begin PBXVariantGroup section */
		ED026AB218B783A300996C8B /* InfoPlist.strings */ = {
			isa = PBXVariantGroup;
			children = (
				ED026AB318B783A300996C8B /* en */,
			);
			name = InfoPlist.strings;
			sourceTree = "<group>";
		};
		ED026ABB18B783A300996C8B /* Main_iPhone.storyboard */ = {
			isa = PBXVariantGroup;
			children = (
				ED026ABC18B783A300996C8B /* Base */,
			);
			name = Main_iPhone.storyboard;
			sourceTree = "<group>";
		};
		ED026ABE18B783A300996C8B /* Main_iPad.storyboard */ = {
			isa = PBXVariantGroup;
			children = (
				ED026ABF18B783A300996C8B /* Base */,
			);
			name = Main_iPad.storyboard;
			sourceTree = "<group>";
		};
		ED026AD418B783A300996C8B /* InfoPlist.strings */ = {
			isa = PBXVariantGroup;
			children = (
				ED026AD518B783A300996C8B /* en */,
			);
			name = InfoPlist.strings;
			sourceTree = "<group>";
		};
/* End PBXVariantGroup section */

/* Begin XCBuildConfiguration section */
		ED026AD918B783A300996C8B /* Debug */ = {
			isa = XCBuildConfiguration;
			buildSettings = {
				ALWAYS_SEARCH_USER_PATHS = NO;
				ARCHS = "$(ARCHS_STANDARD_INCLUDING_64_BIT)";
				CLANG_CXX_LANGUAGE_STANDARD = "gnu++0x";
				CLANG_CXX_LIBRARY = "libc++";
				CLANG_ENABLE_MODULES = YES;
				CLANG_ENABLE_OBJC_ARC = YES;
				CLANG_WARN_BOOL_CONVERSION = YES;
				CLANG_WARN_CONSTANT_CONVERSION = YES;
				CLANG_WARN_DIRECT_OBJC_ISA_USAGE = YES_ERROR;
				CLANG_WARN_EMPTY_BODY = YES;
				CLANG_WARN_ENUM_CONVERSION = YES;
				CLANG_WARN_INT_CONVERSION = YES;
				CLANG_WARN_OBJC_ROOT_CLASS = YES_ERROR;
				CLANG_WARN__DUPLICATE_METHOD_MATCH = YES;
				"CODE_SIGN_IDENTITY[sdk=iphoneos*]" = "iPhone Developer";
				COPY_PHASE_STRIP = NO;
				GCC_C_LANGUAGE_STANDARD = gnu99;
				GCC_DYNAMIC_NO_PIC = NO;
				GCC_OPTIMIZATION_LEVEL = 0;
				GCC_PREPROCESSOR_DEFINITIONS = (
					"DEBUG=1",
					"$(inherited)",
				);
				GCC_SYMBOLS_PRIVATE_EXTERN = NO;
				GCC_WARN_64_TO_32_BIT_CONVERSION = YES;
				GCC_WARN_ABOUT_RETURN_TYPE = YES_ERROR;
				GCC_WARN_UNDECLARED_SELECTOR = YES;
				GCC_WARN_UNINITIALIZED_AUTOS = YES;
				GCC_WARN_UNUSED_FUNCTION = YES;
				GCC_WARN_UNUSED_VARIABLE = YES;
				IPHONEOS_DEPLOYMENT_TARGET = 7.0;
				ONLY_ACTIVE_ARCH = YES;
				SDKROOT = iphoneos;
				TARGETED_DEVICE_FAMILY = "1,2";
			};
			name = Debug;
		};
		ED026ADA18B783A300996C8B /* Release */ = {
			isa = XCBuildConfiguration;
			buildSettings = {
				ALWAYS_SEARCH_USER_PATHS = NO;
				ARCHS = "$(ARCHS_STANDARD_INCLUDING_64_BIT)";
				CLANG_CXX_LANGUAGE_STANDARD = "gnu++0x";
				CLANG_CXX_LIBRARY = "libc++";
				CLANG_ENABLE_MODULES = YES;
				CLANG_ENABLE_OBJC_ARC = YES;
				CLANG_WARN_BOOL_CONVERSION = YES;
				CLANG_WARN_CONSTANT_CONVERSION = YES;
				CLANG_WARN_DIRECT_OBJC_ISA_USAGE = YES_ERROR;
				CLANG_WARN_EMPTY_BODY = YES;
				CLANG_WARN_ENUM_CONVERSION = YES;
				CLANG_WARN_INT_CONVERSION = YES;
				CLANG_WARN_OBJC_ROOT_CLASS = YES_ERROR;
				CLANG_WARN__DUPLICATE_METHOD_MATCH = YES;
				"CODE_SIGN_IDENTITY[sdk=iphoneos*]" = "iPhone Developer";
				COPY_PHASE_STRIP = YES;
				ENABLE_NS_ASSERTIONS = NO;
				GCC_C_LANGUAGE_STANDARD = gnu99;
				GCC_WARN_64_TO_32_BIT_CONVERSION = YES;
				GCC_WARN_ABOUT_RETURN_TYPE = YES_ERROR;
				GCC_WARN_UNDECLARED_SELECTOR = YES;
				GCC_WARN_UNINITIALIZED_AUTOS = YES;
				GCC_WARN_UNUSED_FUNCTION = YES;
				GCC_WARN_UNUSED_VARIABLE = YES;
				IPHONEOS_DEPLOYMENT_TARGET = 7.0;
				SDKROOT = iphoneos;
				TARGETED_DEVICE_FAMILY = "1,2";
				VALIDATE_PRODUCT = YES;
			};
			name = Release;
		};
		ED026ADC18B783A300996C8B /* Debug */ = {
			isa = XCBuildConfiguration;
			buildSettings = {
				ASSETCATALOG_COMPILER_APPICON_NAME = AppIcon;
				ASSETCATALOG_COMPILER_LAUNCHIMAGE_NAME = LaunchImage;
				GCC_PRECOMPILE_PREFIX_HEADER = YES;
				GCC_PREFIX_HEADER = "randdom/randdom-Prefix.pch";
				INFOPLIST_FILE = "randdom/randdom-Info.plist";
				PRODUCT_NAME = "$(TARGET_NAME)";
				WRAPPER_EXTENSION = app;
			};
			name = Debug;
		};
		ED026ADD18B783A300996C8B /* Release */ = {
			isa = XCBuildConfiguration;
			buildSettings = {
				ASSETCATALOG_COMPILER_APPICON_NAME = AppIcon;
				ASSETCATALOG_COMPILER_LAUNCHIMAGE_NAME = LaunchImage;
				GCC_PRECOMPILE_PREFIX_HEADER = YES;
				GCC_PREFIX_HEADER = "randdom/randdom-Prefix.pch";
				INFOPLIST_FILE = "randdom/randdom-Info.plist";
				PRODUCT_NAME = "$(TARGET_NAME)";
				WRAPPER_EXTENSION = app;
			};
			name = Release;
		};
		ED026ADF18B783A300996C8B /* Debug */ = {
			isa = XCBuildConfiguration;
			buildSettings = {
				ARCHS = "$(ARCHS_STANDARD_INCLUDING_64_BIT)";
				BUNDLE_LOADER = "$(BUILT_PRODUCTS_DIR)/randdom.app/randdom";
				FRAMEWORK_SEARCH_PATHS = (
					"$(SDKROOT)/Developer/Library/Frameworks",
					"$(inherited)",
					"$(DEVELOPER_FRAMEWORKS_DIR)",
				);
				GCC_PRECOMPILE_PREFIX_HEADER = YES;
				GCC_PREFIX_HEADER = "randdom/randdom-Prefix.pch";
				GCC_PREPROCESSOR_DEFINITIONS = (
					"DEBUG=1",
					"$(inherited)",
				);
				INFOPLIST_FILE = "randdomTests/randdomTests-Info.plist";
				PRODUCT_NAME = "$(TARGET_NAME)";
				TEST_HOST = "$(BUNDLE_LOADER)";
				WRAPPER_EXTENSION = xctest;
			};
			name = Debug;
		};
		ED026AE018B783A300996C8B /* Release */ = {
			isa = XCBuildConfiguration;
			buildSettings = {
				ARCHS = "$(ARCHS_STANDARD_INCLUDING_64_BIT)";
				BUNDLE_LOADER = "$(BUILT_PRODUCTS_DIR)/randdom.app/randdom";
				FRAMEWORK_SEARCH_PATHS = (
					"$(SDKROOT)/Developer/Library/Frameworks",
					"$(inherited)",
					"$(DEVELOPER_FRAMEWORKS_DIR)",
				);
				GCC_PRECOMPILE_PREFIX_HEADER = YES;
				GCC_PREFIX_HEADER = "randdom/randdom-Prefix.pch";
				INFOPLIST_FILE = "randdomTests/randdomTests-Info.plist";
				PRODUCT_NAME = "$(TARGET_NAME)";
				TEST_HOST = "$(BUNDLE_LOADER)";
				WRAPPER_EXTENSION = xctest;
			};
			name = Release;
		};
/* End XCBuildConfiguration section */

/* Begin XCConfigurationList section */
		ED026AA118B783A300996C8B /* Build configuration list for PBXProject "randdom" */ = {
			isa = XCConfigurationList;
			buildConfigurations = (
				ED026AD918B783A300996C8B /* Debug */,
				ED026ADA18B783A300996C8B /* Release */,
			);
			defaultConfigurationIsVisible = 0;
			defaultConfigurationName = Release;
		};
		ED026ADB18B783A300996C8B /* Build configuration list for PBXNativeTarget "randdom" */ = {
			isa = XCConfigurationList;
			buildConfigurations = (
				ED026ADC18B783A300996C8B /* Debug */,
				ED026ADD18B783A300996C8B /* Release */,
			);
			defaultConfigurationIsVisible = 0;
		};
		ED026ADE18B783A300996C8B /* Build configuration list for PBXNativeTarget "randdomTests" */ = {
			isa = XCConfigurationList;
			buildConfigurations = (
				ED026ADF18B783A300996C8B /* Debug */,
				ED026AE018B783A300996C8B /* Release */,
			);
			defaultConfigurationIsVisible = 0;
		};
/* End XCConfigurationList section */
	};
	rootObject = ED026A9E18B783A300996C8B /* Project object */;
}
